
Microsoft Visual Studio Solution File, Format Version 12.00
# Visual Studio Version 17
VisualStudioVersion = 17.0.31903.59
MinimumVisualStudioVersion = 10.0.40219.1
Project("{FAE04EC0-301F-11D3-BF4B-00C04F79EFBC}") = "Borowik", "Borowik\Borowik.csproj", "{72A1967E-3D63-43EE-8DEB-44954EE1FA3D}"
EndProject
Project("{2150E333-8FDC-42A3-9474-1A3956D46DE8}") = "_SolutionItems", "_SolutionItems", "{3D513CB2-444B-4F5D-8BE5-F04A154F5CC5}"
	ProjectSection(SolutionItems) = preProject
		Directory.Build.props = Directory.Build.props
		Directory.Packages.props = Directory.Packages.props
	EndProjectSection
EndProject
Project("{FAE04EC0-301F-11D3-BF4B-00C04F79EFBC}") = "Borowik.Tests", "Borowik.Tests\Borowik.Tests.csproj", "{FFE95B37-F098-4C08-9A92-899E4FB83DE4}"
EndProject
Project("{FAE04EC0-301F-11D3-BF4B-00C04F79EFBC}") = "Borowik.Database.Dexie", "Borowik.Database.Dexie\Borowik.Database.Dexie.csproj", "{5A29F6D0-CF19-4C64-A369-05AB7B215F34}"
EndProject
Project("{FAE04EC0-301F-11D3-BF4B-00C04F79EFBC}") = "Borowik.Gui.Wasm", "Borowik.Gui.Wasm\Borowik.Gui.Wasm.csproj", "{6CEA38F5-F1F9-409C-97AC-66C9DE7E8B51}"
EndProject
Global
	GlobalSection(SolutionConfigurationPlatforms) = preSolution
		Debug|Any CPU = Debug|Any CPU
		Release|Any CPU = Release|Any CPU
	EndGlobalSection
	GlobalSection(SolutionProperties) = preSolution
		HideSolutionNode = FALSE
	EndGlobalSection
	GlobalSection(ProjectConfigurationPlatforms) = postSolution
		{72A1967E-3D63-43EE-8DEB-44954EE1FA3D}.Debug|Any CPU.ActiveCfg = Debug|Any CPU
		{72A1967E-3D63-43EE-8DEB-44954EE1FA3D}.Debug|Any CPU.Build.0 = Debug|Any CPU
		{72A1967E-3D63-43EE-8DEB-44954EE1FA3D}.Release|Any CPU.ActiveCfg = Release|Any CPU
		{72A1967E-3D63-43EE-8DEB-44954EE1FA3D}.Release|Any CPU.Build.0 = Release|Any CPU
		{FFE95B37-F098-4C08-9A92-899E4FB83DE4}.Debug|Any CPU.ActiveCfg = Debug|Any CPU
		{FFE95B37-F098-4C08-9A92-899E4FB83DE4}.Debug|Any CPU.Build.0 = Debug|Any CPU
		{FFE95B37-F098-4C08-9A92-899E4FB83DE4}.Release|Any CPU.ActiveCfg = Release|Any CPU
		{FFE95B37-F098-4C08-9A92-899E4FB83DE4}.Release|Any CPU.Build.0 = Release|Any CPU
		{5A29F6D0-CF19-4C64-A369-05AB7B215F34}.Debug|Any CPU.ActiveCfg = Debug|Any CPU
		{5A29F6D0-CF19-4C64-A369-05AB7B215F34}.Debug|Any CPU.Build.0 = Debug|Any CPU
		{5A29F6D0-CF19-4C64-A369-05AB7B215F34}.Release|Any CPU.ActiveCfg = Release|Any CPU
		{5A29F6D0-CF19-4C64-A369-05AB7B215F34}.Release|Any CPU.Build.0 = Release|Any CPU
		{6CEA38F5-F1F9-409C-97AC-66C9DE7E8B51}.Debug|Any CPU.ActiveCfg = Debug|Any CPU
		{6CEA38F5-F1F9-409C-97AC-66C9DE7E8B51}.Debug|Any CPU.Build.0 = Debug|Any CPU
		{6CEA38F5-F1F9-409C-97AC-66C9DE7E8B51}.Release|Any CPU.ActiveCfg = Release|Any CPU
		{6CEA38F5-F1F9-409C-97AC-66C9DE7E8B51}.Release|Any CPU.Build.0 = Release|Any CPU
	EndGlobalSection
	GlobalSection(NestedProjects) = preSolution
	EndGlobalSection
EndGlobal
